
Microsoft Visual Studio Solution File, Format Version 12.00
# Visual Studio 15
VisualStudioVersion = 15.0.28307.168
MinimumVisualStudioVersion = 10.0.40219.1
Project("{FAE04EC0-301F-11D3-BF4B-00C04F79EFBC}") = "WebApplication3", "WebApplication3\WebApplication3.csproj", "{3297B5F5-EAC2-4663-82A0-2A4491C91EAE}"
EndProject
Project("{FAE04EC0-301F-11D3-BF4B-00C04F79EFBC}") = "MyDal", "MyDal\MyDal.csproj", "{49B32344-155E-4C94-BF1E-2CF56DEB8521}"
EndProject
Global
	GlobalSection(SolutionConfigurationPlatforms) = preSolution
		Debug|Any CPU = Debug|Any CPU
		Release|Any CPU = Release|Any CPU
	EndGlobalSection
	GlobalSection(ProjectConfigurationPlatforms) = postSolution
		{3297B5F5-EAC2-4663-82A0-2A4491C91EAE}.Debug|Any CPU.ActiveCfg = Debug|Any CPU
		{3297B5F5-EAC2-4663-82A0-2A4491C91EAE}.Debug|Any CPU.Build.0 = Debug|Any CPU
		{3297B5F5-EAC2-4663-82A0-2A4491C91EAE}.Release|Any CPU.ActiveCfg = Release|Any CPU
		{3297B5F5-EAC2-4663-82A0-2A4491C91EAE}.Release|Any CPU.Build.0 = Release|Any CPU
		{49B32344-155E-4C94-BF1E-2CF56DEB8521}.Debug|Any CPU.ActiveCfg = Debug|Any CPU
		{49B32344-155E-4C94-BF1E-2CF56DEB8521}.Debug|Any CPU.Build.0 = Debug|Any CPU
		{49B32344-155E-4C94-BF1E-2CF56DEB8521}.Release|Any CPU.ActiveCfg = Release|Any CPU
		{49B32344-155E-4C94-BF1E-2CF56DEB8521}.Release|Any CPU.Build.0 = Release|Any CPU
	EndGlobalSection
	GlobalSection(SolutionProperties) = preSolution
		HideSolutionNode = FALSE
	EndGlobalSection
	GlobalSection(ExtensibilityGlobals) = postSolution
		SolutionGuid = {317DE9F1-0D5D-44C8-BCFB-B8B9AB847047}
	EndGlobalSection
EndGlobal
